
Microsoft Visual Studio Solution File, Format Version 12.00
# Visual Studio 2013
VisualStudioVersion = 12.0.31101.0
MinimumVisualStudioVersion = 10.0.40219.1
Project("{FAE04EC0-301F-11D3-BF4B-00C04F79EFBC}") = "eNabava_MIV", "eNabava_MIV\eNabava_MIV.csproj", "{D690E8A5-79D4-49B3-90A3-34E828BC4D6C}"
EndProject
Project("{2150E333-8FDC-42A3-9474-1A3956D46DE8}") = "PublishScripts", "PublishScripts", "{45CB8EB0-D54A-4189-8302-F3857301C86B}"
	ProjectSection(SolutionItems) = preProject
		PublishScripts\AzureWebsitePublishModule.psm1 = PublishScripts\AzureWebsitePublishModule.psm1
		PublishScripts\Publish-WebApplicationWebsite.ps1 = PublishScripts\Publish-WebApplicationWebsite.ps1
	EndProjectSection
EndProject
Project("{2150E333-8FDC-42A3-9474-1A3956D46DE8}") = "Configurations", "Configurations", "{44C5EB47-4BF6-4E5B-A09A-D8E2F30A82AA}"
	ProjectSection(SolutionItems) = preProject
		PublishScripts\Configurations\eNabavaMIV-WAWS-dev.json = PublishScripts\Configurations\eNabavaMIV-WAWS-dev.json
	EndProjectSection
EndProject
Project("{2150E333-8FDC-42A3-9474-1A3956D46DE8}") = ".nuget", ".nuget", "{2B43E695-F44F-43F3-90C0-6E29F8A39766}"
	ProjectSection(SolutionItems) = preProject
		.nuget\packages.config = .nuget\packages.config
	EndProjectSection
EndProject
Global
	GlobalSection(SolutionConfigurationPlatforms) = preSolution
		Debug|Any CPU = Debug|Any CPU
		Release|Any CPU = Release|Any CPU
	EndGlobalSection
	GlobalSection(ProjectConfigurationPlatforms) = postSolution
		{D690E8A5-79D4-49B3-90A3-34E828BC4D6C}.Debug|Any CPU.ActiveCfg = Debug|Any CPU
		{D690E8A5-79D4-49B3-90A3-34E828BC4D6C}.Debug|Any CPU.Build.0 = Debug|Any CPU
		{D690E8A5-79D4-49B3-90A3-34E828BC4D6C}.Release|Any CPU.ActiveCfg = Release|Any CPU
		{D690E8A5-79D4-49B3-90A3-34E828BC4D6C}.Release|Any CPU.Build.0 = Release|Any CPU
	EndGlobalSection
	GlobalSection(SolutionProperties) = preSolution
		HideSolutionNode = FALSE
	EndGlobalSection
	GlobalSection(NestedProjects) = preSolution
		{44C5EB47-4BF6-4E5B-A09A-D8E2F30A82AA} = {45CB8EB0-D54A-4189-8302-F3857301C86B}
	EndGlobalSection
EndGlobal
